
Microsoft Visual Studio Solution File, Format Version 12.00
# Visual Studio Version 16
VisualStudioVersion = 16.0.31410.357
MinimumVisualStudioVersion = 10.0.40219.1
Project("{FAE04EC0-301F-11D3-BF4B-00C04F79EFBC}") = "smart-home.Server", "smart-home\Server\smart-home.Server.csproj", "{4672D8CE-4EBE-4A19-8911-A51AA8FEBCEE}"
EndProject
Project("{FAE04EC0-301F-11D3-BF4B-00C04F79EFBC}") = "smart-home.Client", "smart-home\Client\smart-home.Client.csproj", "{A29C0A8B-7181-4C93-BA6E-8F388FB151FF}"
EndProject
Project("{FAE04EC0-301F-11D3-BF4B-00C04F79EFBC}") = "smart-home.Shared", "smart-home\Shared\smart-home.Shared.csproj", "{BB76535B-171B-4EBA-9AEC-D23D8B08EFFD}"
EndProject
Project("{FAE04EC0-301F-11D3-BF4B-00C04F79EFBC}") = "smart-home.xUnit", "smart-home.xUnit\smart-home.xUnit.csproj", "{42589791-AA85-4D73-A2AD-1D92BA5B6D71}"
EndProject
Project("{2150E333-8FDC-42A3-9474-1A3956D46DE8}") = "Solution Items", "Solution Items", "{B3F352FF-EEFC-482A-B7A8-8AB5F5B00393}"
	ProjectSection(SolutionItems) = preProject
		.editorconfig = .editorconfig
		README.md = README.md
	EndProjectSection
EndProject
Global
	GlobalSection(SolutionConfigurationPlatforms) = preSolution
		Debug|Any CPU = Debug|Any CPU
		Release|Any CPU = Release|Any CPU
	EndGlobalSection
	GlobalSection(ProjectConfigurationPlatforms) = postSolution
		{4672D8CE-4EBE-4A19-8911-A51AA8FEBCEE}.Debug|Any CPU.ActiveCfg = Debug|Any CPU
		{4672D8CE-4EBE-4A19-8911-A51AA8FEBCEE}.Debug|Any CPU.Build.0 = Debug|Any CPU
		{4672D8CE-4EBE-4A19-8911-A51AA8FEBCEE}.Release|Any CPU.ActiveCfg = Release|Any CPU
		{4672D8CE-4EBE-4A19-8911-A51AA8FEBCEE}.Release|Any CPU.Build.0 = Release|Any CPU
		{A29C0A8B-7181-4C93-BA6E-8F388FB151FF}.Debug|Any CPU.ActiveCfg = Debug|Any CPU
		{A29C0A8B-7181-4C93-BA6E-8F388FB151FF}.Debug|Any CPU.Build.0 = Debug|Any CPU
		{A29C0A8B-7181-4C93-BA6E-8F388FB151FF}.Release|Any CPU.ActiveCfg = Release|Any CPU
		{A29C0A8B-7181-4C93-BA6E-8F388FB151FF}.Release|Any CPU.Build.0 = Release|Any CPU
		{BB76535B-171B-4EBA-9AEC-D23D8B08EFFD}.Debug|Any CPU.ActiveCfg = Debug|Any CPU
		{BB76535B-171B-4EBA-9AEC-D23D8B08EFFD}.Debug|Any CPU.Build.0 = Debug|Any CPU
		{BB76535B-171B-4EBA-9AEC-D23D8B08EFFD}.Release|Any CPU.ActiveCfg = Release|Any CPU
		{BB76535B-171B-4EBA-9AEC-D23D8B08EFFD}.Release|Any CPU.Build.0 = Release|Any CPU
		{42589791-AA85-4D73-A2AD-1D92BA5B6D71}.Debug|Any CPU.ActiveCfg = Debug|Any CPU
		{42589791-AA85-4D73-A2AD-1D92BA5B6D71}.Debug|Any CPU.Build.0 = Debug|Any CPU
		{42589791-AA85-4D73-A2AD-1D92BA5B6D71}.Release|Any CPU.ActiveCfg = Release|Any CPU
		{42589791-AA85-4D73-A2AD-1D92BA5B6D71}.Release|Any CPU.Build.0 = Release|Any CPU
	EndGlobalSection
	GlobalSection(SolutionProperties) = preSolution
		HideSolutionNode = FALSE
	EndGlobalSection
	GlobalSection(ExtensibilityGlobals) = postSolution
		SolutionGuid = {F5B25EC5-2AC1-44FC-84FE-8614C0C21A9D}
	EndGlobalSection
EndGlobal
